
Microsoft Visual Studio Solution File, Format Version 12.00
# Visual Studio Version 16
VisualStudioVersion = 16.0.29920.165
MinimumVisualStudioVersion = 10.0.40219.1
Project("{FAE04EC0-301F-11D3-BF4B-00C04F79EFBC}") = "ATM", "ATM.csproj", "{5E7E0402-3F2A-4B5D-8FA6-47EE83AE4A54}"
EndProject
Global
	GlobalSection(SolutionConfigurationPlatforms) = preSolution
		Debug|Any CPU = Debug|Any CPU
		Release|Any CPU = Release|Any CPU
	EndGlobalSection
	GlobalSection(ProjectConfigurationPlatforms) = postSolution
		{5E7E0402-3F2A-4B5D-8FA6-47EE83AE4A54}.Debug|Any CPU.ActiveCfg = Debug|Any CPU
		{5E7E0402-3F2A-4B5D-8FA6-47EE83AE4A54}.Debug|Any CPU.Build.0 = Debug|Any CPU
		{5E7E0402-3F2A-4B5D-8FA6-47EE83AE4A54}.Release|Any CPU.ActiveCfg = Release|Any CPU
		{5E7E0402-3F2A-4B5D-8FA6-47EE83AE4A54}.Release|Any CPU.Build.0 = Release|Any CPU
	EndGlobalSection
	GlobalSection(SolutionProperties) = preSolution
		HideSolutionNode = FALSE
	EndGlobalSection
	GlobalSection(ExtensibilityGlobals) = postSolution
		SolutionGuid = {64363EB1-B702-4206-AB09-2BC8270E9007}
	EndGlobalSection
EndGlobal
